{
  "nodes": {
    "nixCats": {
      "locked": {
        "lastModified": 1743541817,
        "narHash": "sha256-3zB4EGsiJryeV7Sjwymqz87brcC+GJp30j7Z4pvuuc4=",
        "owner": "BirdeeHub",
        "repo": "nixCats-nvim",
        "rev": "ead577004c93e0828c7922a10d5dace4b42d1042",
        "type": "github"
      },
      "original": {
        "owner": "BirdeeHub",
        "repo": "nixCats-nvim",
        "type": "github"
      }
    },
    "nixpkgs": {
      "locked": {
        "lastModified": 1743568003,
        "narHash": "sha256-ZID5T65E8ruHqWRcdvZLsczWDOAWIE7om+vQOREwiX0=",
        "owner": "nixos",
        "repo": "nixpkgs",
        "rev": "b7ba7f9f45c5cd0d8625e9e217c28f8eb6a19a76",
        "type": "github"
      },
      "original": {
        "owner": "nixos",
        "ref": "nixpkgs-unstable",
        "repo": "nixpkgs",
        "type": "github"
      }
    },
    "root": {
      "inputs": {
        "nixCats": "nixCats",
        "nixpkgs": "nixpkgs"
      }
    }
  },
  "root": "root",
  "version": 7
}
