{
  "nodes": {
    "nixCats": {
      "locked": {
        "lastModified": 1742836632,
        "narHash": "sha256-MOYlZ5DOw5Kz3JhqnWOHse8QK+YEmAIxtuT/KiZqWDQ=",
        "owner": "BirdeeHub",
        "repo": "nixCats-nvim",
        "rev": "7068719a3c5301650f25eb8c083f922218be35ae",
        "type": "github"
      },
      "original": {
        "owner": "BirdeeHub",
        "repo": "nixCats-nvim",
        "type": "github"
      }
    },
    "nixpkgs": {
      "locked": {
        "lastModified": 1742923925,
        "narHash": "sha256-biPjLws6FiBVUUDHEMFq5pUQL84Wf7PntPYdo3oKkFw=",
        "owner": "nixos",
        "repo": "nixpkgs",
        "rev": "25d1b84f5c90632a623c48d83a2faf156451e6b1",
        "type": "github"
      },
      "original": {
        "owner": "nixos",
        "ref": "nixpkgs-unstable",
        "repo": "nixpkgs",
        "type": "github"
      }
    },
    "root": {
      "inputs": {
        "nixCats": "nixCats",
        "nixpkgs": "nixpkgs"
      }
    }
  },
  "root": "root",
  "version": 7
}
