{
  "nodes": {
    "nixCats": {
      "locked": {
        "lastModified": 1744104412,
        "narHash": "sha256-UWMp5Rt1hREPANqoi5EyF0WT10pGk/T7bHkoIx8f5dg=",
        "owner": "BirdeeHub",
        "repo": "nixCats-nvim",
        "rev": "3f59bc16a2ac35478c053687b94221316ab0f335",
        "type": "github"
      },
      "original": {
        "owner": "BirdeeHub",
        "repo": "nixCats-nvim",
        "type": "github"
      }
    },
    "nixpkgs": {
      "locked": {
        "lastModified": 1744032190,
        "narHash": "sha256-KSlfrncSkcu1YE+uuJ/PTURsSlThoGkRqiGDVdbiE/k=",
        "owner": "nixos",
        "repo": "nixpkgs",
        "rev": "b0b4b5f8f621bfe213b8b21694bab52ecfcbf30b",
        "type": "github"
      },
      "original": {
        "owner": "nixos",
        "ref": "nixpkgs-unstable",
        "repo": "nixpkgs",
        "type": "github"
      }
    },
    "root": {
      "inputs": {
        "nixCats": "nixCats",
        "nixpkgs": "nixpkgs"
      }
    }
  },
  "root": "root",
  "version": 7
}
